
Microsoft Visual Studio Solution File, Format Version 12.00
# Visual Studio Version 16
VisualStudioVersion = 16.0.31321.278
MinimumVisualStudioVersion = 10.0.40219.1
Project("{FAE04EC0-301F-11D3-BF4B-00C04F79EFBC}") = "StepMeter.Android", "StepMeter\StepMeter.Android\StepMeter.Android.csproj", "{B95EDE39-7583-43E0-91FB-7A299DBC3470}"
EndProject
Project("{FAE04EC0-301F-11D3-BF4B-00C04F79EFBC}") = "StepMeter", "StepMeter\StepMeter\StepMeter.csproj", "{611CF368-17D6-4DD3-A539-673741775281}"
EndProject
Global
	GlobalSection(SolutionConfigurationPlatforms) = preSolution
		Debug|Any CPU = Debug|Any CPU
		Release|Any CPU = Release|Any CPU
	EndGlobalSection
	GlobalSection(ProjectConfigurationPlatforms) = postSolution
		{B95EDE39-7583-43E0-91FB-7A299DBC3470}.Debug|Any CPU.ActiveCfg = Debug|Any CPU
		{B95EDE39-7583-43E0-91FB-7A299DBC3470}.Debug|Any CPU.Build.0 = Debug|Any CPU
		{B95EDE39-7583-43E0-91FB-7A299DBC3470}.Debug|Any CPU.Deploy.0 = Debug|Any CPU
		{B95EDE39-7583-43E0-91FB-7A299DBC3470}.Release|Any CPU.ActiveCfg = Release|Any CPU
		{B95EDE39-7583-43E0-91FB-7A299DBC3470}.Release|Any CPU.Build.0 = Release|Any CPU
		{B95EDE39-7583-43E0-91FB-7A299DBC3470}.Release|Any CPU.Deploy.0 = Release|Any CPU
		{611CF368-17D6-4DD3-A539-673741775281}.Debug|Any CPU.ActiveCfg = Debug|Any CPU
		{611CF368-17D6-4DD3-A539-673741775281}.Debug|Any CPU.Build.0 = Debug|Any CPU
		{611CF368-17D6-4DD3-A539-673741775281}.Debug|Any CPU.Deploy.0 = Debug|Any CPU
		{611CF368-17D6-4DD3-A539-673741775281}.Release|Any CPU.ActiveCfg = Release|Any CPU
		{611CF368-17D6-4DD3-A539-673741775281}.Release|Any CPU.Build.0 = Release|Any CPU
		{611CF368-17D6-4DD3-A539-673741775281}.Release|Any CPU.Deploy.0 = Release|Any CPU
	EndGlobalSection
	GlobalSection(SolutionProperties) = preSolution
		HideSolutionNode = FALSE
	EndGlobalSection
	GlobalSection(ExtensibilityGlobals) = postSolution
		SolutionGuid = {8494D3F5-0244-461E-B9A7-B1322E3F9305}
	EndGlobalSection
EndGlobal
